// !$*UTF8*$!
{
	archiveVersion = 1;
	classes = {
	};
	objectVersion = 50;
	objects = {

/* Begin PBXBuildFile section */
		2104CD606B47316C88E31EA3 /* Pods_SearchViewTest.framework in Frameworks */ = {isa = PBXBuildFile; fileRef = AAA147EF0113523AB476B782 /* Pods_SearchViewTest.framework */; };
		8D1B381222408E8900AA36F4 /* AppDelegate.m in Sources */ = {isa = PBXBuildFile; fileRef = 8D1B381122408E8900AA36F4 /* AppDelegate.m */; };
		8D1B381522408E8900AA36F4 /* ViewController.m in Sources */ = {isa = PBXBuildFile; fileRef = 8D1B381422408E8900AA36F4 /* ViewController.m */; };
		8D1B381822408E8900AA36F4 /* Main.storyboard in Resources */ = {isa = PBXBuildFile; fileRef = 8D1B381622408E8900AA36F4 /* Main.storyboard */; };
		8D1B381A22408E8C00AA36F4 /* Assets.xcassets in Resources */ = {isa = PBXBuildFile; fileRef = 8D1B381922408E8C00AA36F4 /* Assets.xcassets */; };
		8D1B381D22408E8C00AA36F4 /* LaunchScreen.storyboard in Resources */ = {isa = PBXBuildFile; fileRef = 8D1B381B22408E8C00AA36F4 /* LaunchScreen.storyboard */; };
		8D1B382022408E8C00AA36F4 /* main.m in Sources */ = {isa = PBXBuildFile; fileRef = 8D1B381F22408E8C00AA36F4 /* main.m */; };
		8D1B38282240935800AA36F4 /* YLSearchBar.m in Sources */ = {isa = PBXBuildFile; fileRef = 8D1B38272240935800AA36F4 /* YLSearchBar.m */; };
/* End PBXBuildFile section */

/* Begin PBXFileReference section */
		033DEF61A54923D5DA20AC08 /* Pods-SearchViewTest.release.xcconfig */ = {isa = PBXFileReference; includeInIndex = 1; lastKnownFileType = text.xcconfig; name = "Pods-SearchViewTest.release.xcconfig"; path = "Pods/Target Support Files/Pods-SearchViewTest/Pods-SearchViewTest.release.xcconfig"; sourceTree = "<group>"; };
		2E1B5154D2AEEE6E7F07FC0F /* Pods-SearchViewTest.debug.xcconfig */ = {isa = PBXFileReference; includeInIndex = 1; lastKnownFileType = text.xcconfig; name = "Pods-SearchViewTest.debug.xcconfig"; path = "Pods/Target Support Files/Pods-SearchViewTest/Pods-SearchViewTest.debug.xcconfig"; sourceTree = "<group>"; };
		8D1B380D22408E8900AA36F4 /* SearchViewTest.app */ = {isa = PBXFileReference; explicitFileType = wrapper.application; includeInIndex = 0; path = SearchViewTest.app; sourceTree = BUILT_PRODUCTS_DIR; };
		8D1B381022408E8900AA36F4 /* AppDelegate.h */ = {isa = PBXFileReference; lastKnownFileType = sourcecode.c.h; path = AppDelegate.h; sourceTree = "<group>"; };
		8D1B381122408E8900AA36F4 /* AppDelegate.m */ = {isa = PBXFileReference; lastKnownFileType = sourcecode.c.objc; path = AppDelegate.m; sourceTree = "<group>"; };
		8D1B381322408E8900AA36F4 /* ViewController.h */ = {isa = PBXFileReference; lastKnownFileType = sourcecode.c.h; path = ViewController.h; sourceTree = "<group>"; };
		8D1B381422408E8900AA36F4 /* ViewController.m */ = {isa = PBXFileReference; lastKnownFileType = sourcecode.c.objc; path = ViewController.m; sourceTree = "<group>"; };
		8D1B381722408E8900AA36F4 /* Base */ = {isa = PBXFileReference; lastKnownFileType = file.storyboard; name = Base; path = Base.lproj/Main.storyboard; sourceTree = "<group>"; };
		8D1B381922408E8C00AA36F4 /* Assets.xcassets */ = {isa = PBXFileReference; lastKnownFileType = folder.assetcatalog; path = Assets.xcassets; sourceTree = "<group>"; };
		8D1B381C22408E8C00AA36F4 /* Base */ = {isa = PBXFileReference; lastKnownFileType = file.storyboard; name = Base; path = Base.lproj/LaunchScreen.storyboard; sourceTree = "<group>"; };
		8D1B381E22408E8C00AA36F4 /* Info.plist */ = {isa = PBXFileReference; lastKnownFileType = text.plist.xml; path = Info.plist; sourceTree = "<group>"; };
		8D1B381F22408E8C00AA36F4 /* main.m */ = {isa = PBXFileReference; lastKnownFileType = sourcecode.c.objc; path = main.m; sourceTree = "<group>"; };
		8D1B38262240935800AA36F4 /* YLSearchBar.h */ = {isa = PBXFileReference; lastKnownFileType = sourcecode.c.h; path = YLSearchBar.h; sourceTree = "<group>"; };
		8D1B38272240935800AA36F4 /* YLSearchBar.m */ = {isa = PBXFileReference; lastKnownFileType = sourcecode.c.objc; path = YLSearchBar.m; sourceTree = "<group>"; };
		AAA147EF0113523AB476B782 /* Pods_SearchViewTest.framework */ = {isa = PBXFileReference; explicitFileType = wrapper.framework; includeInIndex = 0; path = Pods_SearchViewTest.framework; sourceTree = BUILT_PRODUCTS_DIR; };
/* End PBXFileReference section */

/* Begin PBXFrameworksBuildPhase section */
		8D1B380A22408E8900AA36F4 /* Frameworks */ = {
			isa = PBXFrameworksBuildPhase;
			buildActionMask = 2147483647;
			files = (
				2104CD606B47316C88E31EA3 /* Pods_SearchViewTest.framework in Frameworks */,
			);
			runOnlyForDeploymentPostprocessing = 0;
		};
/* End PBXFrameworksBuildPhase section */

/* Begin PBXGroup section */
		8D1B380422408E8800AA36F4 = {
			isa = PBXGroup;
			children = (
				8D1B380F22408E8900AA36F4 /* SearchViewTest */,
				8D1B380E22408E8900AA36F4 /* Products */,
				F45E879439EA483755DAF07F /* Pods */,
				A809F0E47615E772A8F32F9D /* Frameworks */,
			);
			sourceTree = "<group>";
		};
		8D1B380E22408E8900AA36F4 /* Products */ = {
			isa = PBXGroup;
			children = (
				8D1B380D22408E8900AA36F4 /* SearchViewTest.app */,
			);
			name = Products;
			sourceTree = "<group>";
		};
		8D1B380F22408E8900AA36F4 /* SearchViewTest */ = {
			isa = PBXGroup;
			children = (
				8D1B381022408E8900AA36F4 /* AppDelegate.h */,
				8D1B381122408E8900AA36F4 /* AppDelegate.m */,
				8D1B381322408E8900AA36F4 /* ViewController.h */,
				8D1B381422408E8900AA36F4 /* ViewController.m */,
				8D1B38262240935800AA36F4 /* YLSearchBar.h */,
				8D1B38272240935800AA36F4 /* YLSearchBar.m */,
				8D1B381622408E8900AA36F4 /* Main.storyboard */,
				8D1B381922408E8C00AA36F4 /* Assets.xcassets */,
				8D1B381B22408E8C00AA36F4 /* LaunchScreen.storyboard */,
				8D1B381E22408E8C00AA36F4 /* Info.plist */,
				8D1B381F22408E8C00AA36F4 /* main.m */,
			);
			path = SearchViewTest;
			sourceTree = "<group>";
		};
		A809F0E47615E772A8F32F9D /* Frameworks */ = {
			isa = PBXGroup;
			children = (
				AAA147EF0113523AB476B782 /* Pods_SearchViewTest.framework */,
			);
			name = Frameworks;
			sourceTree = "<group>";
		};
		F45E879439EA483755DAF07F /* Pods */ = {
			isa = PBXGroup;
			children = (
				2E1B5154D2AEEE6E7F07FC0F /* Pods-SearchViewTest.debug.xcconfig */,
				033DEF61A54923D5DA20AC08 /* Pods-SearchViewTest.release.xcconfig */,
			);
			name = Pods;
			sourceTree = "<group>";
		};
/* End PBXGroup section */

/* Begin PBXNativeTarget section */
		8D1B380C22408E8900AA36F4 /* SearchViewTest */ = {
			isa = PBXNativeTarget;
			buildConfigurationList = 8D1B382322408E8C00AA36F4 /* Build configuration list for PBXNativeTarget "SearchViewTest" */;
			buildPhases = (
				0EC8A8637AA4ACC5D1C4158D /* [CP] Check Pods Manifest.lock */,
				8D1B380922408E8900AA36F4 /* Sources */,
				8D1B380A22408E8900AA36F4 /* Frameworks */,
				8D1B380B22408E8900AA36F4 /* Resources */,
				D61BC20C341518F7116BF11A /* [CP] Embed Pods Frameworks */,
			);
			buildRules = (
			);
			dependencies = (
			);
			name = SearchViewTest;
			productName = SearchViewTest;
			productReference = 8D1B380D22408E8900AA36F4 /* SearchViewTest.app */;
			productType = "com.apple.product-type.application";
		};
/* End PBXNativeTarget section */

/* Begin PBXProject section */
		8D1B380522408E8800AA36F4 /* Project object */ = {
			isa = PBXProject;
			attributes = {
				LastUpgradeCheck = 1010;
				ORGANIZATIONNAME = fanyl;
				TargetAttributes = {
					8D1B380C22408E8900AA36F4 = {
						CreatedOnToolsVersion = 10.1;
					};
				};
			};
			buildConfigurationList = 8D1B380822408E8800AA36F4 /* Build configuration list for PBXProject "SearchViewTest" */;
			compatibilityVersion = "Xcode 9.3";
			developmentRegion = en;
			hasScannedForEncodings = 0;
			knownRegions = (
				en,
				Base,
			);
			mainGroup = 8D1B380422408E8800AA36F4;
			productRefGroup = 8D1B380E22408E8900AA36F4 /* Products */;
			projectDirPath = "";
			projectRoot = "";
			targets = (
				8D1B380C22408E8900AA36F4 /* SearchViewTest */,
			);
		};
/* End PBXProject section */

/* Begin PBXResourcesBuildPhase section */
		8D1B380B22408E8900AA36F4 /* Resources */ = {
			isa = PBXResourcesBuildPhase;
			buildActionMask = 2147483647;
			files = (
				8D1B381D22408E8C00AA36F4 /* LaunchScreen.storyboard in Resources */,
				8D1B381A22408E8C00AA36F4 /* Assets.xcassets in Resources */,
				8D1B381822408E8900AA36F4 /* Main.storyboard in Resources */,
			);
			runOnlyForDeploymentPostprocessing = 0;
		};
/* End PBXResourcesBuildPhase section */

/* Begin PBXShellScriptBuildPhase section */
		0EC8A8637AA4ACC5D1C4158D /* [CP] Check Pods Manifest.lock */ = {
			isa = PBXShellScriptBuildPhase;
			buildActionMask = 2147483647;
			files = (
			);
			inputPaths = (
				"${PODS_PODFILE_DIR_PATH}/Podfile.lock",
				"${PODS_ROOT}/Manifest.lock",
			);
			name = "[CP] Check Pods Manifest.lock";
			outputPaths = (
				"$(DERIVED_FILE_DIR)/Pods-SearchViewTest-checkManifestLockResult.txt",
			);
			runOnlyForDeploymentPostprocessing = 0;
			shellPath = /bin/sh;
			shellScript = "diff \"${PODS_PODFILE_DIR_PATH}/Podfile.lock\" \"${PODS_ROOT}/Manifest.lock\" > /dev/null\nif [ $? != 0 ] ; then\n    # print error to STDERR\n    echo \"error: The sandbox is not in sync with the Podfile.lock. Run 'pod install' or update your CocoaPods installation.\" >&2\n    exit 1\nfi\n# This output is used by Xcode 'outputs' to avoid re-running this script phase.\necho \"SUCCESS\" > \"${SCRIPT_OUTPUT_FILE_0}\"\n";
			showEnvVarsInLog = 0;
		};
		D61BC20C341518F7116BF11A /* [CP] Embed Pods Frameworks */ = {
			isa = PBXShellScriptBuildPhase;
			buildActionMask = 2147483647;
			files = (
			);
			inputPaths = (
				"${SRCROOT}/Pods/Target Support Files/Pods-SearchViewTest/Pods-SearchViewTest-frameworks.sh",
				"${BUILT_PRODUCTS_DIR}/Masonry/Masonry.framework",
			);
			name = "[CP] Embed Pods Frameworks";
			outputPaths = (
				"${TARGET_BUILD_DIR}/${FRAMEWORKS_FOLDER_PATH}/Masonry.framework",
			);
			runOnlyForDeploymentPostprocessing = 0;
			shellPath = /bin/sh;
			shellScript = "\"${SRCROOT}/Pods/Target Support Files/Pods-SearchViewTest/Pods-SearchViewTest-frameworks.sh\"\n";
			showEnvVarsInLog = 0;
		};
/* End PBXShellScriptBuildPhase section */

/* Begin PBXSourcesBuildPhase section */
		8D1B380922408E8900AA36F4 /* Sources */ = {
			isa = PBXSourcesBuildPhase;
			buildActionMask = 2147483647;
			files = (
				8D1B38282240935800AA36F4 /* YLSearchBar.m in Sources */,
				8D1B381522408E8900AA36F4 /* ViewController.m in Sources */,
				8D1B382022408E8C00AA36F4 /* main.m in Sources */,
				8D1B381222408E8900AA36F4 /* AppDelegate.m in Sources */,
			);
			runOnlyForDeploymentPostprocessing = 0;
		};
/* End PBXSourcesBuildPhase section */

/* Begin PBXVariantGroup section */
		8D1B381622408E8900AA36F4 /* Main.storyboard */ = {
			isa = PBXVariantGroup;
			children = (
				8D1B381722408E8900AA36F4 /* Base */,
			);
			name = Main.storyboard;
			sourceTree = "<group>";
		};
		8D1B381B22408E8C00AA36F4 /* LaunchScreen.storyboard */ = {
			isa = PBXVariantGroup;
			children = (
				8D1B381C22408E8C00AA36F4 /* Base */,
			);
			name = LaunchScreen.storyboard;
			sourceTree = "<group>";
		};
/* End PBXVariantGroup section */

/* Begin XCBuildConfiguration section */
		8D1B382122408E8C00AA36F4 /* Debug */ = {
			isa = XCBuildConfiguration;
			buildSettings = {
				ALWAYS_SEARCH_USER_PATHS = NO;
				CLANG_ANALYZER_NONNULL = YES;
				CLANG_ANALYZER_NUMBER_OBJECT_CONVERSION = YES_AGGRESSIVE;
				CLANG_CXX_LANGUAGE_STANDARD = "gnu++14";
				CLANG_CXX_LIBRARY = "libc++";
				CLANG_ENABLE_MODULES = YES;
				CLANG_ENABLE_OBJC_ARC = YES;
				CLANG_ENABLE_OBJC_WEAK = YES;
				CLANG_WARN_BLOCK_CAPTURE_AUTORELEASING = YES;
				CLANG_WARN_BOOL_CONVERSION = YES;
				CLANG_WARN_COMMA = YES;
				CLANG_WARN_CONSTANT_CONVERSION = YES;
				CLANG_WARN_DEPRECATED_OBJC_IMPLEMENTATIONS = YES;
				CLANG_WARN_DIRECT_OBJC_ISA_USAGE = YES_ERROR;
				CLANG_WARN_DOCUMENTATION_COMMENTS = YES;
				CLANG_WARN_EMPTY_BODY = YES;
				CLANG_WARN_ENUM_CONVERSION = YES;
				CLANG_WARN_INFINITE_RECURSION = YES;
				CLANG_WARN_INT_CONVERSION = YES;
				CLANG_WARN_NON_LITERAL_NULL_CONVERSION = YES;
				CLANG_WARN_OBJC_IMPLICIT_RETAIN_SELF = YES;
				CLANG_WARN_OBJC_LITERAL_CONVERSION = YES;
				CLANG_WARN_OBJC_ROOT_CLASS = YES_ERROR;
				CLANG_WARN_RANGE_LOOP_ANALYSIS = YES;
				CLANG_WARN_STRICT_PROTOTYPES = YES;
				CLANG_WARN_SUSPICIOUS_MOVE = YES;
				CLANG_WARN_UNGUARDED_AVAILABILITY = YES_AGGRESSIVE;
				CLANG_WARN_UNREACHABLE_CODE = YES;
				CLANG_WARN__DUPLICATE_METHOD_MATCH = YES;
				CODE_SIGN_IDENTITY = "iPhone Developer";
				COPY_PHASE_STRIP = NO;
				DEBUG_INFORMATION_FORMAT = dwarf;
				ENABLE_STRICT_OBJC_MSGSEND = YES;
				ENABLE_TESTABILITY = YES;
				GCC_C_LANGUAGE_STANDARD = gnu11;
				GCC_DYNAMIC_NO_PIC = NO;
				GCC_NO_COMMON_BLOCKS = YES;
				GCC_OPTIMIZATION_LEVEL = 0;
				GCC_PREPROCESSOR_DEFINITIONS = (
					"DEBUG=1",
					"$(inherited)",
				);
				GCC_WARN_64_TO_32_BIT_CONVERSION = YES;
				GCC_WARN_ABOUT_RETURN_TYPE = YES_ERROR;
				GCC_WARN_UNDECLARED_SELECTOR = YES;
				GCC_WARN_UNINITIALIZED_AUTOS = YES_AGGRESSIVE;
				GCC_WARN_UNUSED_FUNCTION = YES;
				GCC_WARN_UNUSED_VARIABLE = YES;
				IPHONEOS_DEPLOYMENT_TARGET = 8.1;
				MTL_ENABLE_DEBUG_INFO = INCLUDE_SOURCE;
				MTL_FAST_MATH = YES;
				ONLY_ACTIVE_ARCH = YES;
				SDKROOT = iphoneos;
			};
			name = Debug;
		};
		8D1B382222408E8C00AA36F4 /* Release */ = {
			isa = XCBuildConfiguration;
			buildSettings = {
				ALWAYS_SEARCH_USER_PATHS = NO;
				CLANG_ANALYZER_NONNULL = YES;
				CLANG_ANALYZER_NUMBER_OBJECT_CONVERSION = YES_AGGRESSIVE;
				CLANG_CXX_LANGUAGE_STANDARD = "gnu++14";
				CLANG_CXX_LIBRARY = "libc++";
				CLANG_ENABLE_MODULES = YES;
				CLANG_ENABLE_OBJC_ARC = YES;
				CLANG_ENABLE_OBJC_WEAK = YES;
				CLANG_WARN_BLOCK_CAPTURE_AUTORELEASING = YES;
				CLANG_WARN_BOOL_CONVERSION = YES;
				CLANG_WARN_COMMA = YES;
				CLANG_WARN_CONSTANT_CONVERSION = YES;
				CLANG_WARN_DEPRECATED_OBJC_IMPLEMENTATIONS = YES;
				CLANG_WARN_DIRECT_OBJC_ISA_USAGE = YES_ERROR;
				CLANG_WARN_DOCUMENTATION_COMMENTS = YES;
				CLANG_WARN_EMPTY_BODY = YES;
				CLANG_WARN_ENUM_CONVERSION = YES;
				CLANG_WARN_INFINITE_RECURSION = YES;
				CLANG_WARN_INT_CONVERSION = YES;
				CLANG_WARN_NON_LITERAL_NULL_CONVERSION = YES;
				CLANG_WARN_OBJC_IMPLICIT_RETAIN_SELF = YES;
				CLANG_WARN_OBJC_LITERAL_CONVERSION = YES;
				CLANG_WARN_OBJC_ROOT_CLASS = YES_ERROR;
				CLANG_WARN_RANGE_LOOP_ANALYSIS = YES;
				CLANG_WARN_STRICT_PROTOTYPES = YES;
				CLANG_WARN_SUSPICIOUS_MOVE = YES;
				CLANG_WARN_UNGUARDED_AVAILABILITY = YES_AGGRESSIVE;
				CLANG_WARN_UNREACHABLE_CODE = YES;
				CLANG_WARN__DUPLICATE_METHOD_MATCH = YES;
				CODE_SIGN_IDENTITY = "iPhone Developer";
				COPY_PHASE_STRIP = NO;
				DEBUG_INFORMATION_FORMAT = "dwarf-with-dsym";
				ENABLE_NS_ASSERTIONS = NO;
				ENABLE_STRICT_OBJC_MSGSEND = YES;
				GCC_C_LANGUAGE_STANDARD = gnu11;
				GCC_NO_COMMON_BLOCKS = YES;
				GCC_WARN_64_TO_32_BIT_CONVERSION = YES;
				GCC_WARN_ABOUT_RETURN_TYPE = YES_ERROR;
				GCC_WARN_UNDECLARED_SELECTOR = YES;
				GCC_WARN_UNINITIALIZED_AUTOS = YES_AGGRESSIVE;
				GCC_WARN_UNUSED_FUNCTION = YES;
				GCC_WARN_UNUSED_VARIABLE = YES;
				IPHONEOS_DEPLOYMENT_TARGET = 8.1;
				MTL_ENABLE_DEBUG_INFO = NO;
				MTL_FAST_MATH = YES;
				SDKROOT = iphoneos;
				VALIDATE_PRODUCT = YES;
			};
			name = Release;
		};
		8D1B382422408E8C00AA36F4 /* Debug */ = {
			isa = XCBuildConfiguration;
			baseConfigurationReference = 2E1B5154D2AEEE6E7F07FC0F /* Pods-SearchViewTest.debug.xcconfig */;
			buildSettings = {
				ASSETCATALOG_COMPILER_APPICON_NAME = AppIcon;
				CODE_SIGN_STYLE = Automatic;
				DEVELOPMENT_TEAM = CUT8ZP87C2;
				INFOPLIST_FILE = SearchViewTest/Info.plist;
				LD_RUNPATH_SEARCH_PATHS = (
					"$(inherited)",
					"@executable_path/Frameworks",
				);
				PRODUCT_BUNDLE_IDENTIFIER = com.fanyl.SearchViewTest;
				PRODUCT_NAME = "$(TARGET_NAME)";
				TARGETED_DEVICE_FAMILY = "1,2";
			};
			name = Debug;
		};
		8D1B382522408E8C00AA36F4 /* Release */ = {
			isa = XCBuildConfiguration;
			baseConfigurationReference = 033DEF61A54923D5DA20AC08 /* Pods-SearchViewTest.release.xcconfig */;
			buildSettings = {
				ASSETCATALOG_COMPILER_APPICON_NAME = AppIcon;
				CODE_SIGN_STYLE = Automatic;
				DEVELOPMENT_TEAM = CUT8ZP87C2;
				INFOPLIST_FILE = SearchViewTest/Info.plist;
				LD_RUNPATH_SEARCH_PATHS = (
					"$(inherited)",
					"@executable_path/Frameworks",
				);
				PRODUCT_BUNDLE_IDENTIFIER = com.fanyl.SearchViewTest;
				PRODUCT_NAME = "$(TARGET_NAME)";
				TARGETED_DEVICE_FAMILY = "1,2";
			};
			name = Release;
		};
/* End XCBuildConfiguration section */

/* Begin XCConfigurationList section */
		8D1B380822408E8800AA36F4 /* Build configuration list for PBXProject "SearchViewTest" */ = {
			isa = XCConfigurationList;
			buildConfigurations = (
				8D1B382122408E8C00AA36F4 /* Debug */,
				8D1B382222408E8C00AA36F4 /* Release */,
			);
			defaultConfigurationIsVisible = 0;
			defaultConfigurationName = Release;
		};
		8D1B382322408E8C00AA36F4 /* Build configuration list for PBXNativeTarget "SearchViewTest" */ = {
			isa = XCConfigurationList;
			buildConfigurations = (
				8D1B382422408E8C00AA36F4 /* Debug */,
				8D1B382522408E8C00AA36F4 /* Release */,
			);
			defaultConfigurationIsVisible = 0;
			defaultConfigurationName = Release;
		};
/* End XCConfigurationList section */
	};
	rootObject = 8D1B380522408E8800AA36F4 /* Project object */;
}
