// !$*UTF8*$!
{
	archiveVersion = 1;
	classes = {
	};
	objectVersion = 50;
	objects = {

/* Begin PBXBuildFile section */
		8DE9372624CDAD68003DABF1 /* AppDelegate.m in Sources */ = {isa = PBXBuildFile; fileRef = 8DE9372524CDAD68003DABF1 /* AppDelegate.m */; };
		8DE9372924CDAD68003DABF1 /* SceneDelegate.m in Sources */ = {isa = PBXBuildFile; fileRef = 8DE9372824CDAD68003DABF1 /* SceneDelegate.m */; };
		8DE9372C24CDAD68003DABF1 /* ViewController.m in Sources */ = {isa = PBXBuildFile; fileRef = 8DE9372B24CDAD68003DABF1 /* ViewController.m */; };
		8DE9372F24CDAD68003DABF1 /* Main.storyboard in Resources */ = {isa = PBXBuildFile; fileRef = 8DE9372D24CDAD68003DABF1 /* Main.storyboard */; };
		8DE9373124CDAD77003DABF1 /* Assets.xcassets in Resources */ = {isa = PBXBuildFile; fileRef = 8DE9373024CDAD77003DABF1 /* Assets.xcassets */; };
		8DE9373424CDAD77003DABF1 /* LaunchScreen.storyboard in Resources */ = {isa = PBXBuildFile; fileRef = 8DE9373224CDAD77003DABF1 /* LaunchScreen.storyboard */; };
		8DE9373724CDAD77003DABF1 /* main.m in Sources */ = {isa = PBXBuildFile; fileRef = 8DE9373624CDAD77003DABF1 /* main.m */; };
/* End PBXBuildFile section */

/* Begin PBXFileReference section */
		8DE9372124CDAD68003DABF1 /* 132.app */ = {isa = PBXFileReference; explicitFileType = wrapper.application; includeInIndex = 0; path = 132.app; sourceTree = BUILT_PRODUCTS_DIR; };
		8DE9372424CDAD68003DABF1 /* AppDelegate.h */ = {isa = PBXFileReference; lastKnownFileType = sourcecode.c.h; path = AppDelegate.h; sourceTree = "<group>"; };
		8DE9372524CDAD68003DABF1 /* AppDelegate.m */ = {isa = PBXFileReference; lastKnownFileType = sourcecode.c.objc; path = AppDelegate.m; sourceTree = "<group>"; };
		8DE9372724CDAD68003DABF1 /* SceneDelegate.h */ = {isa = PBXFileReference; lastKnownFileType = sourcecode.c.h; path = SceneDelegate.h; sourceTree = "<group>"; };
		8DE9372824CDAD68003DABF1 /* SceneDelegate.m */ = {isa = PBXFileReference; lastKnownFileType = sourcecode.c.objc; path = SceneDelegate.m; sourceTree = "<group>"; };
		8DE9372A24CDAD68003DABF1 /* ViewController.h */ = {isa = PBXFileReference; lastKnownFileType = sourcecode.c.h; path = ViewController.h; sourceTree = "<group>"; };
		8DE9372B24CDAD68003DABF1 /* ViewController.m */ = {isa = PBXFileReference; lastKnownFileType = sourcecode.c.objc; path = ViewController.m; sourceTree = "<group>"; };
		8DE9372E24CDAD68003DABF1 /* Base */ = {isa = PBXFileReference; lastKnownFileType = file.storyboard; name = Base; path = Base.lproj/Main.storyboard; sourceTree = "<group>"; };
		8DE9373024CDAD77003DABF1 /* Assets.xcassets */ = {isa = PBXFileReference; lastKnownFileType = folder.assetcatalog; path = Assets.xcassets; sourceTree = "<group>"; };
		8DE9373324CDAD77003DABF1 /* Base */ = {isa = PBXFileReference; lastKnownFileType = file.storyboard; name = Base; path = Base.lproj/LaunchScreen.storyboard; sourceTree = "<group>"; };
		8DE9373524CDAD77003DABF1 /* Info.plist */ = {isa = PBXFileReference; lastKnownFileType = text.plist.xml; path = Info.plist; sourceTree = "<group>"; };
		8DE9373624CDAD77003DABF1 /* main.m */ = {isa = PBXFileReference; lastKnownFileType = sourcecode.c.objc; path = main.m; sourceTree = "<group>"; };
/* End PBXFileReference section */

/* Begin PBXFrameworksBuildPhase section */
		8DE9371E24CDAD68003DABF1 /* Frameworks */ = {
			isa = PBXFrameworksBuildPhase;
			buildActionMask = 2147483647;
			files = (
			);
			runOnlyForDeploymentPostprocessing = 0;
		};
/* End PBXFrameworksBuildPhase section */

/* Begin PBXGroup section */
		8DE9371824CDAD68003DABF1 = {
			isa = PBXGroup;
			children = (
				8DE9372324CDAD68003DABF1 /* 132 */,
				8DE9372224CDAD68003DABF1 /* Products */,
			);
			sourceTree = "<group>";
		};
		8DE9372224CDAD68003DABF1 /* Products */ = {
			isa = PBXGroup;
			children = (
				8DE9372124CDAD68003DABF1 /* 132.app */,
			);
			name = Products;
			sourceTree = "<group>";
		};
		8DE9372324CDAD68003DABF1 /* 132 */ = {
			isa = PBXGroup;
			children = (
				8DE9372424CDAD68003DABF1 /* AppDelegate.h */,
				8DE9372524CDAD68003DABF1 /* AppDelegate.m */,
				8DE9372724CDAD68003DABF1 /* SceneDelegate.h */,
				8DE9372824CDAD68003DABF1 /* SceneDelegate.m */,
				8DE9372A24CDAD68003DABF1 /* ViewController.h */,
				8DE9372B24CDAD68003DABF1 /* ViewController.m */,
				8DE9372D24CDAD68003DABF1 /* Main.storyboard */,
				8DE9373024CDAD77003DABF1 /* Assets.xcassets */,
				8DE9373224CDAD77003DABF1 /* LaunchScreen.storyboard */,
				8DE9373524CDAD77003DABF1 /* Info.plist */,
				8DE9373624CDAD77003DABF1 /* main.m */,
			);
			path = 132;
			sourceTree = "<group>";
		};
/* End PBXGroup section */

/* Begin PBXNativeTarget section */
		8DE9372024CDAD68003DABF1 /* 132 */ = {
			isa = PBXNativeTarget;
			buildConfigurationList = 8DE9373A24CDAD77003DABF1 /* Build configuration list for PBXNativeTarget "132" */;
			buildPhases = (
				8DE9371D24CDAD68003DABF1 /* Sources */,
				8DE9371E24CDAD68003DABF1 /* Frameworks */,
				8DE9371F24CDAD68003DABF1 /* Resources */,
			);
			buildRules = (
			);
			dependencies = (
			);
			name = 132;
			productName = 132;
			productReference = 8DE9372124CDAD68003DABF1 /* 132.app */;
			productType = "com.apple.product-type.application";
		};
/* End PBXNativeTarget section */

/* Begin PBXProject section */
		8DE9371924CDAD68003DABF1 /* Project object */ = {
			isa = PBXProject;
			attributes = {
				LastUpgradeCheck = 1160;
				ORGANIZATIONNAME = fanyl;
				TargetAttributes = {
					8DE9372024CDAD68003DABF1 = {
						CreatedOnToolsVersion = 11.6;
					};
				};
			};
			buildConfigurationList = 8DE9371C24CDAD68003DABF1 /* Build configuration list for PBXProject "132" */;
			compatibilityVersion = "Xcode 9.3";
			developmentRegion = en;
			hasScannedForEncodings = 0;
			knownRegions = (
				en,
				Base,
			);
			mainGroup = 8DE9371824CDAD68003DABF1;
			productRefGroup = 8DE9372224CDAD68003DABF1 /* Products */;
			projectDirPath = "";
			projectRoot = "";
			targets = (
				8DE9372024CDAD68003DABF1 /* 132 */,
			);
		};
/* End PBXProject section */

/* Begin PBXResourcesBuildPhase section */
		8DE9371F24CDAD68003DABF1 /* Resources */ = {
			isa = PBXResourcesBuildPhase;
			buildActionMask = 2147483647;
			files = (
				8DE9373424CDAD77003DABF1 /* LaunchScreen.storyboard in Resources */,
				8DE9373124CDAD77003DABF1 /* Assets.xcassets in Resources */,
				8DE9372F24CDAD68003DABF1 /* Main.storyboard in Resources */,
			);
			runOnlyForDeploymentPostprocessing = 0;
		};
/* End PBXResourcesBuildPhase section */

/* Begin PBXSourcesBuildPhase section */
		8DE9371D24CDAD68003DABF1 /* Sources */ = {
			isa = PBXSourcesBuildPhase;
			buildActionMask = 2147483647;
			files = (
				8DE9372C24CDAD68003DABF1 /* ViewController.m in Sources */,
				8DE9372624CDAD68003DABF1 /* AppDelegate.m in Sources */,
				8DE9373724CDAD77003DABF1 /* main.m in Sources */,
				8DE9372924CDAD68003DABF1 /* SceneDelegate.m in Sources */,
			);
			runOnlyForDeploymentPostprocessing = 0;
		};
/* End PBXSourcesBuildPhase section */

/* Begin PBXVariantGroup section */
		8DE9372D24CDAD68003DABF1 /* Main.storyboard */ = {
			isa = PBXVariantGroup;
			children = (
				8DE9372E24CDAD68003DABF1 /* Base */,
			);
			name = Main.storyboard;
			sourceTree = "<group>";
		};
		8DE9373224CDAD77003DABF1 /* LaunchScreen.storyboard */ = {
			isa = PBXVariantGroup;
			children = (
				8DE9373324CDAD77003DABF1 /* Base */,
			);
			name = LaunchScreen.storyboard;
			sourceTree = "<group>";
		};
/* End PBXVariantGroup section */

/* Begin XCBuildConfiguration section */
		8DE9373824CDAD77003DABF1 /* Debug */ = {
			isa = XCBuildConfiguration;
			buildSettings = {
				ALWAYS_SEARCH_USER_PATHS = NO;
				CLANG_ANALYZER_NONNULL = YES;
				CLANG_ANALYZER_NUMBER_OBJECT_CONVERSION = YES_AGGRESSIVE;
				CLANG_CXX_LANGUAGE_STANDARD = "gnu++14";
				CLANG_CXX_LIBRARY = "libc++";
				CLANG_ENABLE_MODULES = YES;
				CLANG_ENABLE_OBJC_ARC = YES;
				CLANG_ENABLE_OBJC_WEAK = YES;
				CLANG_WARN_BLOCK_CAPTURE_AUTORELEASING = YES;
				CLANG_WARN_BOOL_CONVERSION = YES;
				CLANG_WARN_COMMA = YES;
				CLANG_WARN_CONSTANT_CONVERSION = YES;
				CLANG_WARN_DEPRECATED_OBJC_IMPLEMENTATIONS = YES;
				CLANG_WARN_DIRECT_OBJC_ISA_USAGE = YES_ERROR;
				CLANG_WARN_DOCUMENTATION_COMMENTS = YES;
				CLANG_WARN_EMPTY_BODY = YES;
				CLANG_WARN_ENUM_CONVERSION = YES;
				CLANG_WARN_INFINITE_RECURSION = YES;
				CLANG_WARN_INT_CONVERSION = YES;
				CLANG_WARN_NON_LITERAL_NULL_CONVERSION = YES;
				CLANG_WARN_OBJC_IMPLICIT_RETAIN_SELF = YES;
				CLANG_WARN_OBJC_LITERAL_CONVERSION = YES;
				CLANG_WARN_OBJC_ROOT_CLASS = YES_ERROR;
				CLANG_WARN_RANGE_LOOP_ANALYSIS = YES;
				CLANG_WARN_STRICT_PROTOTYPES = YES;
				CLANG_WARN_SUSPICIOUS_MOVE = YES;
				CLANG_WARN_UNGUARDED_AVAILABILITY = YES_AGGRESSIVE;
				CLANG_WARN_UNREACHABLE_CODE = YES;
				CLANG_WARN__DUPLICATE_METHOD_MATCH = YES;
				COPY_PHASE_STRIP = NO;
				DEBUG_INFORMATION_FORMAT = dwarf;
				ENABLE_STRICT_OBJC_MSGSEND = YES;
				ENABLE_TESTABILITY = YES;
				GCC_C_LANGUAGE_STANDARD = gnu11;
				GCC_DYNAMIC_NO_PIC = NO;
				GCC_NO_COMMON_BLOCKS = YES;
				GCC_OPTIMIZATION_LEVEL = 0;
				GCC_PREPROCESSOR_DEFINITIONS = (
					"DEBUG=1",
					"$(inherited)",
				);
				GCC_WARN_64_TO_32_BIT_CONVERSION = YES;
				GCC_WARN_ABOUT_RETURN_TYPE = YES_ERROR;
				GCC_WARN_UNDECLARED_SELECTOR = YES;
				GCC_WARN_UNINITIALIZED_AUTOS = YES_AGGRESSIVE;
				GCC_WARN_UNUSED_FUNCTION = YES;
				GCC_WARN_UNUSED_VARIABLE = YES;
				IPHONEOS_DEPLOYMENT_TARGET = 13.6;
				MTL_ENABLE_DEBUG_INFO = INCLUDE_SOURCE;
				MTL_FAST_MATH = YES;
				ONLY_ACTIVE_ARCH = YES;
				SDKROOT = iphoneos;
			};
			name = Debug;
		};
		8DE9373924CDAD77003DABF1 /* Release */ = {
			isa = XCBuildConfiguration;
			buildSettings = {
				ALWAYS_SEARCH_USER_PATHS = NO;
				CLANG_ANALYZER_NONNULL = YES;
				CLANG_ANALYZER_NUMBER_OBJECT_CONVERSION = YES_AGGRESSIVE;
				CLANG_CXX_LANGUAGE_STANDARD = "gnu++14";
				CLANG_CXX_LIBRARY = "libc++";
				CLANG_ENABLE_MODULES = YES;
				CLANG_ENABLE_OBJC_ARC = YES;
				CLANG_ENABLE_OBJC_WEAK = YES;
				CLANG_WARN_BLOCK_CAPTURE_AUTORELEASING = YES;
				CLANG_WARN_BOOL_CONVERSION = YES;
				CLANG_WARN_COMMA = YES;
				CLANG_WARN_CONSTANT_CONVERSION = YES;
				CLANG_WARN_DEPRECATED_OBJC_IMPLEMENTATIONS = YES;
				CLANG_WARN_DIRECT_OBJC_ISA_USAGE = YES_ERROR;
				CLANG_WARN_DOCUMENTATION_COMMENTS = YES;
				CLANG_WARN_EMPTY_BODY = YES;
				CLANG_WARN_ENUM_CONVERSION = YES;
				CLANG_WARN_INFINITE_RECURSION = YES;
				CLANG_WARN_INT_CONVERSION = YES;
				CLANG_WARN_NON_LITERAL_NULL_CONVERSION = YES;
				CLANG_WARN_OBJC_IMPLICIT_RETAIN_SELF = YES;
				CLANG_WARN_OBJC_LITERAL_CONVERSION = YES;
				CLANG_WARN_OBJC_ROOT_CLASS = YES_ERROR;
				CLANG_WARN_RANGE_LOOP_ANALYSIS = YES;
				CLANG_WARN_STRICT_PROTOTYPES = YES;
				CLANG_WARN_SUSPICIOUS_MOVE = YES;
				CLANG_WARN_UNGUARDED_AVAILABILITY = YES_AGGRESSIVE;
				CLANG_WARN_UNREACHABLE_CODE = YES;
				CLANG_WARN__DUPLICATE_METHOD_MATCH = YES;
				COPY_PHASE_STRIP = NO;
				DEBUG_INFORMATION_FORMAT = "dwarf-with-dsym";
				ENABLE_NS_ASSERTIONS = NO;
				ENABLE_STRICT_OBJC_MSGSEND = YES;
				GCC_C_LANGUAGE_STANDARD = gnu11;
				GCC_NO_COMMON_BLOCKS = YES;
				GCC_WARN_64_TO_32_BIT_CONVERSION = YES;
				GCC_WARN_ABOUT_RETURN_TYPE = YES_ERROR;
				GCC_WARN_UNDECLARED_SELECTOR = YES;
				GCC_WARN_UNINITIALIZED_AUTOS = YES_AGGRESSIVE;
				GCC_WARN_UNUSED_FUNCTION = YES;
				GCC_WARN_UNUSED_VARIABLE = YES;
				IPHONEOS_DEPLOYMENT_TARGET = 13.6;
				MTL_ENABLE_DEBUG_INFO = NO;
				MTL_FAST_MATH = YES;
				SDKROOT = iphoneos;
				VALIDATE_PRODUCT = YES;
			};
			name = Release;
		};
		8DE9373B24CDAD77003DABF1 /* Debug */ = {
			isa = XCBuildConfiguration;
			buildSettings = {
				ASSETCATALOG_COMPILER_APPICON_NAME = AppIcon;
				CODE_SIGN_STYLE = Automatic;
				DEVELOPMENT_TEAM = CUT8ZP87C2;
				INFOPLIST_FILE = 132/Info.plist;
				LD_RUNPATH_SEARCH_PATHS = (
					"$(inherited)",
					"@executable_path/Frameworks",
				);
				PRODUCT_BUNDLE_IDENTIFIER = "com.fanyl.-32";
				PRODUCT_NAME = "$(TARGET_NAME)";
				TARGETED_DEVICE_FAMILY = "1,2";
			};
			name = Debug;
		};
		8DE9373C24CDAD77003DABF1 /* Release */ = {
			isa = XCBuildConfiguration;
			buildSettings = {
				ASSETCATALOG_COMPILER_APPICON_NAME = AppIcon;
				CODE_SIGN_STYLE = Automatic;
				DEVELOPMENT_TEAM = CUT8ZP87C2;
				INFOPLIST_FILE = 132/Info.plist;
				LD_RUNPATH_SEARCH_PATHS = (
					"$(inherited)",
					"@executable_path/Frameworks",
				);
				PRODUCT_BUNDLE_IDENTIFIER = "com.fanyl.-32";
				PRODUCT_NAME = "$(TARGET_NAME)";
				TARGETED_DEVICE_FAMILY = "1,2";
			};
			name = Release;
		};
/* End XCBuildConfiguration section */

/* Begin XCConfigurationList section */
		8DE9371C24CDAD68003DABF1 /* Build configuration list for PBXProject "132" */ = {
			isa = XCConfigurationList;
			buildConfigurations = (
				8DE9373824CDAD77003DABF1 /* Debug */,
				8DE9373924CDAD77003DABF1 /* Release */,
			);
			defaultConfigurationIsVisible = 0;
			defaultConfigurationName = Release;
		};
		8DE9373A24CDAD77003DABF1 /* Build configuration list for PBXNativeTarget "132" */ = {
			isa = XCConfigurationList;
			buildConfigurations = (
				8DE9373B24CDAD77003DABF1 /* Debug */,
				8DE9373C24CDAD77003DABF1 /* Release */,
			);
			defaultConfigurationIsVisible = 0;
			defaultConfigurationName = Release;
		};
/* End XCConfigurationList section */
	};
	rootObject = 8DE9371924CDAD68003DABF1 /* Project object */;
}
