// !$*UTF8*$!
{
	archiveVersion = 1;
	classes = {
	};
	objectVersion = 50;
	objects = {

/* Begin PBXBuildFile section */
		8D320E8425628ADD00DFF152 /* AppDelegate.m in Sources */ = {isa = PBXBuildFile; fileRef = 8D320E8325628ADD00DFF152 /* AppDelegate.m */; };
		8D320E8725628ADD00DFF152 /* SceneDelegate.m in Sources */ = {isa = PBXBuildFile; fileRef = 8D320E8625628ADD00DFF152 /* SceneDelegate.m */; };
		8D320E8A25628ADD00DFF152 /* ViewController.m in Sources */ = {isa = PBXBuildFile; fileRef = 8D320E8925628ADD00DFF152 /* ViewController.m */; };
		8D320E8D25628ADD00DFF152 /* Main.storyboard in Resources */ = {isa = PBXBuildFile; fileRef = 8D320E8B25628ADD00DFF152 /* Main.storyboard */; };
		8D320E8F25628AE000DFF152 /* Assets.xcassets in Resources */ = {isa = PBXBuildFile; fileRef = 8D320E8E25628AE000DFF152 /* Assets.xcassets */; };
		8D320E9225628AE000DFF152 /* LaunchScreen.storyboard in Resources */ = {isa = PBXBuildFile; fileRef = 8D320E9025628AE000DFF152 /* LaunchScreen.storyboard */; };
		8D320E9525628AE000DFF152 /* main.m in Sources */ = {isa = PBXBuildFile; fileRef = 8D320E9425628AE000DFF152 /* main.m */; };
		8D320F4925628D1500DFF152 /* NSLayoutConstraint+MASDebugAdditions.m in Sources */ = {isa = PBXBuildFile; fileRef = 8D320F3125628D1500DFF152 /* NSLayoutConstraint+MASDebugAdditions.m */; };
		8D320F4A25628D1500DFF152 /* ViewController+MASAdditions.m in Sources */ = {isa = PBXBuildFile; fileRef = 8D320F3A25628D1500DFF152 /* ViewController+MASAdditions.m */; };
		8D320F4B25628D1500DFF152 /* MASCompositeConstraint.m in Sources */ = {isa = PBXBuildFile; fileRef = 8D320F3E25628D1500DFF152 /* MASCompositeConstraint.m */; };
		8D320F4C25628D1500DFF152 /* MASConstraintMaker.m in Sources */ = {isa = PBXBuildFile; fileRef = 8D320F3F25628D1500DFF152 /* MASConstraintMaker.m */; };
		8D320F4D25628D1500DFF152 /* MASLayoutConstraint.m in Sources */ = {isa = PBXBuildFile; fileRef = 8D320F4025628D1500DFF152 /* MASLayoutConstraint.m */; };
		8D320F4E25628D1500DFF152 /* NSArray+MASAdditions.m in Sources */ = {isa = PBXBuildFile; fileRef = 8D320F4125628D1500DFF152 /* NSArray+MASAdditions.m */; };
		8D320F4F25628D1500DFF152 /* View+MASAdditions.m in Sources */ = {isa = PBXBuildFile; fileRef = 8D320F4225628D1500DFF152 /* View+MASAdditions.m */; };
		8D320F5025628D1500DFF152 /* MASConstraint.m in Sources */ = {isa = PBXBuildFile; fileRef = 8D320F4525628D1500DFF152 /* MASConstraint.m */; };
		8D320F5125628D1500DFF152 /* MASViewConstraint.m in Sources */ = {isa = PBXBuildFile; fileRef = 8D320F4725628D1500DFF152 /* MASViewConstraint.m */; };
		8D320F5225628D1500DFF152 /* MASViewAttribute.m in Sources */ = {isa = PBXBuildFile; fileRef = 8D320F4825628D1500DFF152 /* MASViewAttribute.m */; };
/* End PBXBuildFile section */

/* Begin PBXFileReference section */
		8D320E7F25628ADD00DFF152 /* autolayout_test.app */ = {isa = PBXFileReference; explicitFileType = wrapper.application; includeInIndex = 0; path = autolayout_test.app; sourceTree = BUILT_PRODUCTS_DIR; };
		8D320E8225628ADD00DFF152 /* AppDelegate.h */ = {isa = PBXFileReference; lastKnownFileType = sourcecode.c.h; path = AppDelegate.h; sourceTree = "<group>"; };
		8D320E8325628ADD00DFF152 /* AppDelegate.m */ = {isa = PBXFileReference; lastKnownFileType = sourcecode.c.objc; path = AppDelegate.m; sourceTree = "<group>"; };
		8D320E8525628ADD00DFF152 /* SceneDelegate.h */ = {isa = PBXFileReference; lastKnownFileType = sourcecode.c.h; path = SceneDelegate.h; sourceTree = "<group>"; };
		8D320E8625628ADD00DFF152 /* SceneDelegate.m */ = {isa = PBXFileReference; lastKnownFileType = sourcecode.c.objc; path = SceneDelegate.m; sourceTree = "<group>"; };
		8D320E8825628ADD00DFF152 /* ViewController.h */ = {isa = PBXFileReference; lastKnownFileType = sourcecode.c.h; path = ViewController.h; sourceTree = "<group>"; };
		8D320E8925628ADD00DFF152 /* ViewController.m */ = {isa = PBXFileReference; lastKnownFileType = sourcecode.c.objc; path = ViewController.m; sourceTree = "<group>"; };
		8D320E8C25628ADD00DFF152 /* Base */ = {isa = PBXFileReference; lastKnownFileType = file.storyboard; name = Base; path = Base.lproj/Main.storyboard; sourceTree = "<group>"; };
		8D320E8E25628AE000DFF152 /* Assets.xcassets */ = {isa = PBXFileReference; lastKnownFileType = folder.assetcatalog; path = Assets.xcassets; sourceTree = "<group>"; };
		8D320E9125628AE000DFF152 /* Base */ = {isa = PBXFileReference; lastKnownFileType = file.storyboard; name = Base; path = Base.lproj/LaunchScreen.storyboard; sourceTree = "<group>"; };
		8D320E9325628AE000DFF152 /* Info.plist */ = {isa = PBXFileReference; lastKnownFileType = text.plist.xml; path = Info.plist; sourceTree = "<group>"; };
		8D320E9425628AE000DFF152 /* main.m */ = {isa = PBXFileReference; lastKnownFileType = sourcecode.c.objc; path = main.m; sourceTree = "<group>"; };
		8D320F3025628D1500DFF152 /* MASCompositeConstraint.h */ = {isa = PBXFileReference; fileEncoding = 4; lastKnownFileType = sourcecode.c.h; path = MASCompositeConstraint.h; sourceTree = "<group>"; };
		8D320F3125628D1500DFF152 /* NSLayoutConstraint+MASDebugAdditions.m */ = {isa = PBXFileReference; fileEncoding = 4; lastKnownFileType = sourcecode.c.objc; path = "NSLayoutConstraint+MASDebugAdditions.m"; sourceTree = "<group>"; };
		8D320F3225628D1500DFF152 /* MASConstraint+Private.h */ = {isa = PBXFileReference; fileEncoding = 4; lastKnownFileType = sourcecode.c.h; path = "MASConstraint+Private.h"; sourceTree = "<group>"; };
		8D320F3325628D1500DFF152 /* MASLayoutConstraint.h */ = {isa = PBXFileReference; fileEncoding = 4; lastKnownFileType = sourcecode.c.h; path = MASLayoutConstraint.h; sourceTree = "<group>"; };
		8D320F3425628D1500DFF152 /* NSArray+MASShorthandAdditions.h */ = {isa = PBXFileReference; fileEncoding = 4; lastKnownFileType = sourcecode.c.h; path = "NSArray+MASShorthandAdditions.h"; sourceTree = "<group>"; };
		8D320F3525628D1500DFF152 /* MASConstraintMaker.h */ = {isa = PBXFileReference; fileEncoding = 4; lastKnownFileType = sourcecode.c.h; path = MASConstraintMaker.h; sourceTree = "<group>"; };
		8D320F3625628D1500DFF152 /* View+MASAdditions.h */ = {isa = PBXFileReference; fileEncoding = 4; lastKnownFileType = sourcecode.c.h; path = "View+MASAdditions.h"; sourceTree = "<group>"; };
		8D320F3725628D1500DFF152 /* NSArray+MASAdditions.h */ = {isa = PBXFileReference; fileEncoding = 4; lastKnownFileType = sourcecode.c.h; path = "NSArray+MASAdditions.h"; sourceTree = "<group>"; };
		8D320F3825628D1500DFF152 /* MASUtilities.h */ = {isa = PBXFileReference; fileEncoding = 4; lastKnownFileType = sourcecode.c.h; path = MASUtilities.h; sourceTree = "<group>"; };
		8D320F3925628D1500DFF152 /* MASViewAttribute.h */ = {isa = PBXFileReference; fileEncoding = 4; lastKnownFileType = sourcecode.c.h; path = MASViewAttribute.h; sourceTree = "<group>"; };
		8D320F3A25628D1500DFF152 /* ViewController+MASAdditions.m */ = {isa = PBXFileReference; fileEncoding = 4; lastKnownFileType = sourcecode.c.objc; path = "ViewController+MASAdditions.m"; sourceTree = "<group>"; };
		8D320F3B25628D1500DFF152 /* MASViewConstraint.h */ = {isa = PBXFileReference; fileEncoding = 4; lastKnownFileType = sourcecode.c.h; path = MASViewConstraint.h; sourceTree = "<group>"; };
		8D320F3C25628D1500DFF152 /* MASConstraint.h */ = {isa = PBXFileReference; fileEncoding = 4; lastKnownFileType = sourcecode.c.h; path = MASConstraint.h; sourceTree = "<group>"; };
		8D320F3D25628D1500DFF152 /* NSLayoutConstraint+MASDebugAdditions.h */ = {isa = PBXFileReference; fileEncoding = 4; lastKnownFileType = sourcecode.c.h; path = "NSLayoutConstraint+MASDebugAdditions.h"; sourceTree = "<group>"; };
		8D320F3E25628D1500DFF152 /* MASCompositeConstraint.m */ = {isa = PBXFileReference; fileEncoding = 4; lastKnownFileType = sourcecode.c.objc; path = MASCompositeConstraint.m; sourceTree = "<group>"; };
		8D320F3F25628D1500DFF152 /* MASConstraintMaker.m */ = {isa = PBXFileReference; fileEncoding = 4; lastKnownFileType = sourcecode.c.objc; path = MASConstraintMaker.m; sourceTree = "<group>"; };
		8D320F4025628D1500DFF152 /* MASLayoutConstraint.m */ = {isa = PBXFileReference; fileEncoding = 4; lastKnownFileType = sourcecode.c.objc; path = MASLayoutConstraint.m; sourceTree = "<group>"; };
		8D320F4125628D1500DFF152 /* NSArray+MASAdditions.m */ = {isa = PBXFileReference; fileEncoding = 4; lastKnownFileType = sourcecode.c.objc; path = "NSArray+MASAdditions.m"; sourceTree = "<group>"; };
		8D320F4225628D1500DFF152 /* View+MASAdditions.m */ = {isa = PBXFileReference; fileEncoding = 4; lastKnownFileType = sourcecode.c.objc; path = "View+MASAdditions.m"; sourceTree = "<group>"; };
		8D320F4325628D1500DFF152 /* View+MASShorthandAdditions.h */ = {isa = PBXFileReference; fileEncoding = 4; lastKnownFileType = sourcecode.c.h; path = "View+MASShorthandAdditions.h"; sourceTree = "<group>"; };
		8D320F4425628D1500DFF152 /* Masonry.h */ = {isa = PBXFileReference; fileEncoding = 4; lastKnownFileType = sourcecode.c.h; path = Masonry.h; sourceTree = "<group>"; };
		8D320F4525628D1500DFF152 /* MASConstraint.m */ = {isa = PBXFileReference; fileEncoding = 4; lastKnownFileType = sourcecode.c.objc; path = MASConstraint.m; sourceTree = "<group>"; };
		8D320F4625628D1500DFF152 /* ViewController+MASAdditions.h */ = {isa = PBXFileReference; fileEncoding = 4; lastKnownFileType = sourcecode.c.h; path = "ViewController+MASAdditions.h"; sourceTree = "<group>"; };
		8D320F4725628D1500DFF152 /* MASViewConstraint.m */ = {isa = PBXFileReference; fileEncoding = 4; lastKnownFileType = sourcecode.c.objc; path = MASViewConstraint.m; sourceTree = "<group>"; };
		8D320F4825628D1500DFF152 /* MASViewAttribute.m */ = {isa = PBXFileReference; fileEncoding = 4; lastKnownFileType = sourcecode.c.objc; path = MASViewAttribute.m; sourceTree = "<group>"; };
/* End PBXFileReference section */

/* Begin PBXFrameworksBuildPhase section */
		8D320E7C25628ADD00DFF152 /* Frameworks */ = {
			isa = PBXFrameworksBuildPhase;
			buildActionMask = 2147483647;
			files = (
			);
			runOnlyForDeploymentPostprocessing = 0;
		};
/* End PBXFrameworksBuildPhase section */

/* Begin PBXGroup section */
		8D320E7625628ADD00DFF152 = {
			isa = PBXGroup;
			children = (
				8D320E8125628ADD00DFF152 /* autolayout_test */,
				8D320E8025628ADD00DFF152 /* Products */,
			);
			sourceTree = "<group>";
		};
		8D320E8025628ADD00DFF152 /* Products */ = {
			isa = PBXGroup;
			children = (
				8D320E7F25628ADD00DFF152 /* autolayout_test.app */,
			);
			name = Products;
			sourceTree = "<group>";
		};
		8D320E8125628ADD00DFF152 /* autolayout_test */ = {
			isa = PBXGroup;
			children = (
				8D320F2F25628D1500DFF152 /* Masonry */,
				8D320E8225628ADD00DFF152 /* AppDelegate.h */,
				8D320E8325628ADD00DFF152 /* AppDelegate.m */,
				8D320E8525628ADD00DFF152 /* SceneDelegate.h */,
				8D320E8625628ADD00DFF152 /* SceneDelegate.m */,
				8D320E8825628ADD00DFF152 /* ViewController.h */,
				8D320E8925628ADD00DFF152 /* ViewController.m */,
				8D320E8B25628ADD00DFF152 /* Main.storyboard */,
				8D320E8E25628AE000DFF152 /* Assets.xcassets */,
				8D320E9025628AE000DFF152 /* LaunchScreen.storyboard */,
				8D320E9325628AE000DFF152 /* Info.plist */,
				8D320E9425628AE000DFF152 /* main.m */,
			);
			path = autolayout_test;
			sourceTree = "<group>";
		};
		8D320F2F25628D1500DFF152 /* Masonry */ = {
			isa = PBXGroup;
			children = (
				8D320F3025628D1500DFF152 /* MASCompositeConstraint.h */,
				8D320F3E25628D1500DFF152 /* MASCompositeConstraint.m */,
				8D320F3C25628D1500DFF152 /* MASConstraint.h */,
				8D320F4525628D1500DFF152 /* MASConstraint.m */,
				8D320F3225628D1500DFF152 /* MASConstraint+Private.h */,
				8D320F3525628D1500DFF152 /* MASConstraintMaker.h */,
				8D320F3F25628D1500DFF152 /* MASConstraintMaker.m */,
				8D320F3325628D1500DFF152 /* MASLayoutConstraint.h */,
				8D320F4025628D1500DFF152 /* MASLayoutConstraint.m */,
				8D320F4425628D1500DFF152 /* Masonry.h */,
				8D320F3825628D1500DFF152 /* MASUtilities.h */,
				8D320F3925628D1500DFF152 /* MASViewAttribute.h */,
				8D320F4825628D1500DFF152 /* MASViewAttribute.m */,
				8D320F3B25628D1500DFF152 /* MASViewConstraint.h */,
				8D320F4725628D1500DFF152 /* MASViewConstraint.m */,
				8D320F3725628D1500DFF152 /* NSArray+MASAdditions.h */,
				8D320F4125628D1500DFF152 /* NSArray+MASAdditions.m */,
				8D320F3425628D1500DFF152 /* NSArray+MASShorthandAdditions.h */,
				8D320F3D25628D1500DFF152 /* NSLayoutConstraint+MASDebugAdditions.h */,
				8D320F3125628D1500DFF152 /* NSLayoutConstraint+MASDebugAdditions.m */,
				8D320F3625628D1500DFF152 /* View+MASAdditions.h */,
				8D320F4225628D1500DFF152 /* View+MASAdditions.m */,
				8D320F4325628D1500DFF152 /* View+MASShorthandAdditions.h */,
				8D320F4625628D1500DFF152 /* ViewController+MASAdditions.h */,
				8D320F3A25628D1500DFF152 /* ViewController+MASAdditions.m */,
			);
			path = Masonry;
			sourceTree = "<group>";
		};
/* End PBXGroup section */

/* Begin PBXNativeTarget section */
		8D320E7E25628ADD00DFF152 /* autolayout_test */ = {
			isa = PBXNativeTarget;
			buildConfigurationList = 8D320E9825628AE000DFF152 /* Build configuration list for PBXNativeTarget "autolayout_test" */;
			buildPhases = (
				8D320E7B25628ADD00DFF152 /* Sources */,
				8D320E7C25628ADD00DFF152 /* Frameworks */,
				8D320E7D25628ADD00DFF152 /* Resources */,
			);
			buildRules = (
			);
			dependencies = (
			);
			name = autolayout_test;
			productName = autolayout_test;
			productReference = 8D320E7F25628ADD00DFF152 /* autolayout_test.app */;
			productType = "com.apple.product-type.application";
		};
/* End PBXNativeTarget section */

/* Begin PBXProject section */
		8D320E7725628ADD00DFF152 /* Project object */ = {
			isa = PBXProject;
			attributes = {
				LastUpgradeCheck = 1160;
				ORGANIZATIONNAME = fanyl;
				TargetAttributes = {
					8D320E7E25628ADD00DFF152 = {
						CreatedOnToolsVersion = 11.6;
					};
				};
			};
			buildConfigurationList = 8D320E7A25628ADD00DFF152 /* Build configuration list for PBXProject "autolayout_test" */;
			compatibilityVersion = "Xcode 9.3";
			developmentRegion = en;
			hasScannedForEncodings = 0;
			knownRegions = (
				en,
				Base,
			);
			mainGroup = 8D320E7625628ADD00DFF152;
			productRefGroup = 8D320E8025628ADD00DFF152 /* Products */;
			projectDirPath = "";
			projectRoot = "";
			targets = (
				8D320E7E25628ADD00DFF152 /* autolayout_test */,
			);
		};
/* End PBXProject section */

/* Begin PBXResourcesBuildPhase section */
		8D320E7D25628ADD00DFF152 /* Resources */ = {
			isa = PBXResourcesBuildPhase;
			buildActionMask = 2147483647;
			files = (
				8D320E9225628AE000DFF152 /* LaunchScreen.storyboard in Resources */,
				8D320E8F25628AE000DFF152 /* Assets.xcassets in Resources */,
				8D320E8D25628ADD00DFF152 /* Main.storyboard in Resources */,
			);
			runOnlyForDeploymentPostprocessing = 0;
		};
/* End PBXResourcesBuildPhase section */

/* Begin PBXSourcesBuildPhase section */
		8D320E7B25628ADD00DFF152 /* Sources */ = {
			isa = PBXSourcesBuildPhase;
			buildActionMask = 2147483647;
			files = (
				8D320F5125628D1500DFF152 /* MASViewConstraint.m in Sources */,
				8D320F5225628D1500DFF152 /* MASViewAttribute.m in Sources */,
				8D320E8A25628ADD00DFF152 /* ViewController.m in Sources */,
				8D320E8425628ADD00DFF152 /* AppDelegate.m in Sources */,
				8D320F4E25628D1500DFF152 /* NSArray+MASAdditions.m in Sources */,
				8D320F4A25628D1500DFF152 /* ViewController+MASAdditions.m in Sources */,
				8D320F4B25628D1500DFF152 /* MASCompositeConstraint.m in Sources */,
				8D320E9525628AE000DFF152 /* main.m in Sources */,
				8D320F4F25628D1500DFF152 /* View+MASAdditions.m in Sources */,
				8D320F4C25628D1500DFF152 /* MASConstraintMaker.m in Sources */,
				8D320F5025628D1500DFF152 /* MASConstraint.m in Sources */,
				8D320F4925628D1500DFF152 /* NSLayoutConstraint+MASDebugAdditions.m in Sources */,
				8D320F4D25628D1500DFF152 /* MASLayoutConstraint.m in Sources */,
				8D320E8725628ADD00DFF152 /* SceneDelegate.m in Sources */,
			);
			runOnlyForDeploymentPostprocessing = 0;
		};
/* End PBXSourcesBuildPhase section */

/* Begin PBXVariantGroup section */
		8D320E8B25628ADD00DFF152 /* Main.storyboard */ = {
			isa = PBXVariantGroup;
			children = (
				8D320E8C25628ADD00DFF152 /* Base */,
			);
			name = Main.storyboard;
			sourceTree = "<group>";
		};
		8D320E9025628AE000DFF152 /* LaunchScreen.storyboard */ = {
			isa = PBXVariantGroup;
			children = (
				8D320E9125628AE000DFF152 /* Base */,
			);
			name = LaunchScreen.storyboard;
			sourceTree = "<group>";
		};
/* End PBXVariantGroup section */

/* Begin XCBuildConfiguration section */
		8D320E9625628AE000DFF152 /* Debug */ = {
			isa = XCBuildConfiguration;
			buildSettings = {
				ALWAYS_SEARCH_USER_PATHS = NO;
				CLANG_ANALYZER_NONNULL = YES;
				CLANG_ANALYZER_NUMBER_OBJECT_CONVERSION = YES_AGGRESSIVE;
				CLANG_CXX_LANGUAGE_STANDARD = "gnu++14";
				CLANG_CXX_LIBRARY = "libc++";
				CLANG_ENABLE_MODULES = YES;
				CLANG_ENABLE_OBJC_ARC = YES;
				CLANG_ENABLE_OBJC_WEAK = YES;
				CLANG_WARN_BLOCK_CAPTURE_AUTORELEASING = YES;
				CLANG_WARN_BOOL_CONVERSION = YES;
				CLANG_WARN_COMMA = YES;
				CLANG_WARN_CONSTANT_CONVERSION = YES;
				CLANG_WARN_DEPRECATED_OBJC_IMPLEMENTATIONS = YES;
				CLANG_WARN_DIRECT_OBJC_ISA_USAGE = YES_ERROR;
				CLANG_WARN_DOCUMENTATION_COMMENTS = YES;
				CLANG_WARN_EMPTY_BODY = YES;
				CLANG_WARN_ENUM_CONVERSION = YES;
				CLANG_WARN_INFINITE_RECURSION = YES;
				CLANG_WARN_INT_CONVERSION = YES;
				CLANG_WARN_NON_LITERAL_NULL_CONVERSION = YES;
				CLANG_WARN_OBJC_IMPLICIT_RETAIN_SELF = YES;
				CLANG_WARN_OBJC_LITERAL_CONVERSION = YES;
				CLANG_WARN_OBJC_ROOT_CLASS = YES_ERROR;
				CLANG_WARN_RANGE_LOOP_ANALYSIS = YES;
				CLANG_WARN_STRICT_PROTOTYPES = YES;
				CLANG_WARN_SUSPICIOUS_MOVE = YES;
				CLANG_WARN_UNGUARDED_AVAILABILITY = YES_AGGRESSIVE;
				CLANG_WARN_UNREACHABLE_CODE = YES;
				CLANG_WARN__DUPLICATE_METHOD_MATCH = YES;
				COPY_PHASE_STRIP = NO;
				DEBUG_INFORMATION_FORMAT = dwarf;
				ENABLE_STRICT_OBJC_MSGSEND = YES;
				ENABLE_TESTABILITY = YES;
				GCC_C_LANGUAGE_STANDARD = gnu11;
				GCC_DYNAMIC_NO_PIC = NO;
				GCC_NO_COMMON_BLOCKS = YES;
				GCC_OPTIMIZATION_LEVEL = 0;
				GCC_PREPROCESSOR_DEFINITIONS = (
					"DEBUG=1",
					"$(inherited)",
				);
				GCC_WARN_64_TO_32_BIT_CONVERSION = YES;
				GCC_WARN_ABOUT_RETURN_TYPE = YES_ERROR;
				GCC_WARN_UNDECLARED_SELECTOR = YES;
				GCC_WARN_UNINITIALIZED_AUTOS = YES_AGGRESSIVE;
				GCC_WARN_UNUSED_FUNCTION = YES;
				GCC_WARN_UNUSED_VARIABLE = YES;
				IPHONEOS_DEPLOYMENT_TARGET = 13.6;
				MTL_ENABLE_DEBUG_INFO = INCLUDE_SOURCE;
				MTL_FAST_MATH = YES;
				ONLY_ACTIVE_ARCH = YES;
				SDKROOT = iphoneos;
			};
			name = Debug;
		};
		8D320E9725628AE000DFF152 /* Release */ = {
			isa = XCBuildConfiguration;
			buildSettings = {
				ALWAYS_SEARCH_USER_PATHS = NO;
				CLANG_ANALYZER_NONNULL = YES;
				CLANG_ANALYZER_NUMBER_OBJECT_CONVERSION = YES_AGGRESSIVE;
				CLANG_CXX_LANGUAGE_STANDARD = "gnu++14";
				CLANG_CXX_LIBRARY = "libc++";
				CLANG_ENABLE_MODULES = YES;
				CLANG_ENABLE_OBJC_ARC = YES;
				CLANG_ENABLE_OBJC_WEAK = YES;
				CLANG_WARN_BLOCK_CAPTURE_AUTORELEASING = YES;
				CLANG_WARN_BOOL_CONVERSION = YES;
				CLANG_WARN_COMMA = YES;
				CLANG_WARN_CONSTANT_CONVERSION = YES;
				CLANG_WARN_DEPRECATED_OBJC_IMPLEMENTATIONS = YES;
				CLANG_WARN_DIRECT_OBJC_ISA_USAGE = YES_ERROR;
				CLANG_WARN_DOCUMENTATION_COMMENTS = YES;
				CLANG_WARN_EMPTY_BODY = YES;
				CLANG_WARN_ENUM_CONVERSION = YES;
				CLANG_WARN_INFINITE_RECURSION = YES;
				CLANG_WARN_INT_CONVERSION = YES;
				CLANG_WARN_NON_LITERAL_NULL_CONVERSION = YES;
				CLANG_WARN_OBJC_IMPLICIT_RETAIN_SELF = YES;
				CLANG_WARN_OBJC_LITERAL_CONVERSION = YES;
				CLANG_WARN_OBJC_ROOT_CLASS = YES_ERROR;
				CLANG_WARN_RANGE_LOOP_ANALYSIS = YES;
				CLANG_WARN_STRICT_PROTOTYPES = YES;
				CLANG_WARN_SUSPICIOUS_MOVE = YES;
				CLANG_WARN_UNGUARDED_AVAILABILITY = YES_AGGRESSIVE;
				CLANG_WARN_UNREACHABLE_CODE = YES;
				CLANG_WARN__DUPLICATE_METHOD_MATCH = YES;
				COPY_PHASE_STRIP = NO;
				DEBUG_INFORMATION_FORMAT = "dwarf-with-dsym";
				ENABLE_NS_ASSERTIONS = NO;
				ENABLE_STRICT_OBJC_MSGSEND = YES;
				GCC_C_LANGUAGE_STANDARD = gnu11;
				GCC_NO_COMMON_BLOCKS = YES;
				GCC_WARN_64_TO_32_BIT_CONVERSION = YES;
				GCC_WARN_ABOUT_RETURN_TYPE = YES_ERROR;
				GCC_WARN_UNDECLARED_SELECTOR = YES;
				GCC_WARN_UNINITIALIZED_AUTOS = YES_AGGRESSIVE;
				GCC_WARN_UNUSED_FUNCTION = YES;
				GCC_WARN_UNUSED_VARIABLE = YES;
				IPHONEOS_DEPLOYMENT_TARGET = 13.6;
				MTL_ENABLE_DEBUG_INFO = NO;
				MTL_FAST_MATH = YES;
				SDKROOT = iphoneos;
				VALIDATE_PRODUCT = YES;
			};
			name = Release;
		};
		8D320E9925628AE000DFF152 /* Debug */ = {
			isa = XCBuildConfiguration;
			buildSettings = {
				ASSETCATALOG_COMPILER_APPICON_NAME = AppIcon;
				CODE_SIGN_STYLE = Automatic;
				DEVELOPMENT_TEAM = CUT8ZP87C2;
				INFOPLIST_FILE = autolayout_test/Info.plist;
				LD_RUNPATH_SEARCH_PATHS = (
					"$(inherited)",
					"@executable_path/Frameworks",
				);
				PRODUCT_BUNDLE_IDENTIFIER = "com.fanyl.autolayout-test";
				PRODUCT_NAME = "$(TARGET_NAME)";
				TARGETED_DEVICE_FAMILY = "1,2";
			};
			name = Debug;
		};
		8D320E9A25628AE000DFF152 /* Release */ = {
			isa = XCBuildConfiguration;
			buildSettings = {
				ASSETCATALOG_COMPILER_APPICON_NAME = AppIcon;
				CODE_SIGN_STYLE = Automatic;
				DEVELOPMENT_TEAM = CUT8ZP87C2;
				INFOPLIST_FILE = autolayout_test/Info.plist;
				LD_RUNPATH_SEARCH_PATHS = (
					"$(inherited)",
					"@executable_path/Frameworks",
				);
				PRODUCT_BUNDLE_IDENTIFIER = "com.fanyl.autolayout-test";
				PRODUCT_NAME = "$(TARGET_NAME)";
				TARGETED_DEVICE_FAMILY = "1,2";
			};
			name = Release;
		};
/* End XCBuildConfiguration section */

/* Begin XCConfigurationList section */
		8D320E7A25628ADD00DFF152 /* Build configuration list for PBXProject "autolayout_test" */ = {
			isa = XCConfigurationList;
			buildConfigurations = (
				8D320E9625628AE000DFF152 /* Debug */,
				8D320E9725628AE000DFF152 /* Release */,
			);
			defaultConfigurationIsVisible = 0;
			defaultConfigurationName = Release;
		};
		8D320E9825628AE000DFF152 /* Build configuration list for PBXNativeTarget "autolayout_test" */ = {
			isa = XCConfigurationList;
			buildConfigurations = (
				8D320E9925628AE000DFF152 /* Debug */,
				8D320E9A25628AE000DFF152 /* Release */,
			);
			defaultConfigurationIsVisible = 0;
			defaultConfigurationName = Release;
		};
/* End XCConfigurationList section */
	};
	rootObject = 8D320E7725628ADD00DFF152 /* Project object */;
}
