// !$*UTF8*$!
{
	archiveVersion = 1;
	classes = {
	};
	objectVersion = 50;
	objects = {

/* Begin PBXBuildFile section */
		D73E23BF26C17D1000320E9E /* AppDelegate.m in Sources */ = {isa = PBXBuildFile; fileRef = D73E23BE26C17D1000320E9E /* AppDelegate.m */; };
		D73E23C226C17D1000320E9E /* SceneDelegate.m in Sources */ = {isa = PBXBuildFile; fileRef = D73E23C126C17D1000320E9E /* SceneDelegate.m */; };
		D73E23C526C17D1000320E9E /* ViewController.m in Sources */ = {isa = PBXBuildFile; fileRef = D73E23C426C17D1000320E9E /* ViewController.m */; };
		D73E23C826C17D1000320E9E /* Main.storyboard in Resources */ = {isa = PBXBuildFile; fileRef = D73E23C626C17D1000320E9E /* Main.storyboard */; };
		D73E23CA26C17D1200320E9E /* Assets.xcassets in Resources */ = {isa = PBXBuildFile; fileRef = D73E23C926C17D1200320E9E /* Assets.xcassets */; };
		D73E23CD26C17D1200320E9E /* LaunchScreen.storyboard in Resources */ = {isa = PBXBuildFile; fileRef = D73E23CB26C17D1200320E9E /* LaunchScreen.storyboard */; };
		D73E23D026C17D1200320E9E /* main.m in Sources */ = {isa = PBXBuildFile; fileRef = D73E23CF26C17D1200320E9E /* main.m */; };
/* End PBXBuildFile section */

/* Begin PBXFileReference section */
		D73E23BA26C17D1000320E9E /* shadow_corner.app */ = {isa = PBXFileReference; explicitFileType = wrapper.application; includeInIndex = 0; path = shadow_corner.app; sourceTree = BUILT_PRODUCTS_DIR; };
		D73E23BD26C17D1000320E9E /* AppDelegate.h */ = {isa = PBXFileReference; lastKnownFileType = sourcecode.c.h; path = AppDelegate.h; sourceTree = "<group>"; };
		D73E23BE26C17D1000320E9E /* AppDelegate.m */ = {isa = PBXFileReference; lastKnownFileType = sourcecode.c.objc; path = AppDelegate.m; sourceTree = "<group>"; };
		D73E23C026C17D1000320E9E /* SceneDelegate.h */ = {isa = PBXFileReference; lastKnownFileType = sourcecode.c.h; path = SceneDelegate.h; sourceTree = "<group>"; };
		D73E23C126C17D1000320E9E /* SceneDelegate.m */ = {isa = PBXFileReference; lastKnownFileType = sourcecode.c.objc; path = SceneDelegate.m; sourceTree = "<group>"; };
		D73E23C326C17D1000320E9E /* ViewController.h */ = {isa = PBXFileReference; lastKnownFileType = sourcecode.c.h; path = ViewController.h; sourceTree = "<group>"; };
		D73E23C426C17D1000320E9E /* ViewController.m */ = {isa = PBXFileReference; lastKnownFileType = sourcecode.c.objc; path = ViewController.m; sourceTree = "<group>"; };
		D73E23C726C17D1000320E9E /* Base */ = {isa = PBXFileReference; lastKnownFileType = file.storyboard; name = Base; path = Base.lproj/Main.storyboard; sourceTree = "<group>"; };
		D73E23C926C17D1200320E9E /* Assets.xcassets */ = {isa = PBXFileReference; lastKnownFileType = folder.assetcatalog; path = Assets.xcassets; sourceTree = "<group>"; };
		D73E23CC26C17D1200320E9E /* Base */ = {isa = PBXFileReference; lastKnownFileType = file.storyboard; name = Base; path = Base.lproj/LaunchScreen.storyboard; sourceTree = "<group>"; };
		D73E23CE26C17D1200320E9E /* Info.plist */ = {isa = PBXFileReference; lastKnownFileType = text.plist.xml; path = Info.plist; sourceTree = "<group>"; };
		D73E23CF26C17D1200320E9E /* main.m */ = {isa = PBXFileReference; lastKnownFileType = sourcecode.c.objc; path = main.m; sourceTree = "<group>"; };
/* End PBXFileReference section */

/* Begin PBXFrameworksBuildPhase section */
		D73E23B726C17D1000320E9E /* Frameworks */ = {
			isa = PBXFrameworksBuildPhase;
			buildActionMask = 2147483647;
			files = (
			);
			runOnlyForDeploymentPostprocessing = 0;
		};
/* End PBXFrameworksBuildPhase section */

/* Begin PBXGroup section */
		D73E23B126C17D1000320E9E = {
			isa = PBXGroup;
			children = (
				D73E23BC26C17D1000320E9E /* shadow_corner */,
				D73E23BB26C17D1000320E9E /* Products */,
			);
			sourceTree = "<group>";
		};
		D73E23BB26C17D1000320E9E /* Products */ = {
			isa = PBXGroup;
			children = (
				D73E23BA26C17D1000320E9E /* shadow_corner.app */,
			);
			name = Products;
			sourceTree = "<group>";
		};
		D73E23BC26C17D1000320E9E /* shadow_corner */ = {
			isa = PBXGroup;
			children = (
				D73E23BD26C17D1000320E9E /* AppDelegate.h */,
				D73E23BE26C17D1000320E9E /* AppDelegate.m */,
				D73E23C026C17D1000320E9E /* SceneDelegate.h */,
				D73E23C126C17D1000320E9E /* SceneDelegate.m */,
				D73E23C326C17D1000320E9E /* ViewController.h */,
				D73E23C426C17D1000320E9E /* ViewController.m */,
				D73E23C626C17D1000320E9E /* Main.storyboard */,
				D73E23C926C17D1200320E9E /* Assets.xcassets */,
				D73E23CB26C17D1200320E9E /* LaunchScreen.storyboard */,
				D73E23CE26C17D1200320E9E /* Info.plist */,
				D73E23CF26C17D1200320E9E /* main.m */,
			);
			path = shadow_corner;
			sourceTree = "<group>";
		};
/* End PBXGroup section */

/* Begin PBXNativeTarget section */
		D73E23B926C17D1000320E9E /* shadow_corner */ = {
			isa = PBXNativeTarget;
			buildConfigurationList = D73E23D326C17D1200320E9E /* Build configuration list for PBXNativeTarget "shadow_corner" */;
			buildPhases = (
				D73E23B626C17D1000320E9E /* Sources */,
				D73E23B726C17D1000320E9E /* Frameworks */,
				D73E23B826C17D1000320E9E /* Resources */,
			);
			buildRules = (
			);
			dependencies = (
			);
			name = shadow_corner;
			productName = shadow_corner;
			productReference = D73E23BA26C17D1000320E9E /* shadow_corner.app */;
			productType = "com.apple.product-type.application";
		};
/* End PBXNativeTarget section */

/* Begin PBXProject section */
		D73E23B226C17D1000320E9E /* Project object */ = {
			isa = PBXProject;
			attributes = {
				LastUpgradeCheck = 1240;
				TargetAttributes = {
					D73E23B926C17D1000320E9E = {
						CreatedOnToolsVersion = 12.4;
					};
				};
			};
			buildConfigurationList = D73E23B526C17D1000320E9E /* Build configuration list for PBXProject "shadow_corner" */;
			compatibilityVersion = "Xcode 9.3";
			developmentRegion = en;
			hasScannedForEncodings = 0;
			knownRegions = (
				en,
				Base,
			);
			mainGroup = D73E23B126C17D1000320E9E;
			productRefGroup = D73E23BB26C17D1000320E9E /* Products */;
			projectDirPath = "";
			projectRoot = "";
			targets = (
				D73E23B926C17D1000320E9E /* shadow_corner */,
			);
		};
/* End PBXProject section */

/* Begin PBXResourcesBuildPhase section */
		D73E23B826C17D1000320E9E /* Resources */ = {
			isa = PBXResourcesBuildPhase;
			buildActionMask = 2147483647;
			files = (
				D73E23CD26C17D1200320E9E /* LaunchScreen.storyboard in Resources */,
				D73E23CA26C17D1200320E9E /* Assets.xcassets in Resources */,
				D73E23C826C17D1000320E9E /* Main.storyboard in Resources */,
			);
			runOnlyForDeploymentPostprocessing = 0;
		};
/* End PBXResourcesBuildPhase section */

/* Begin PBXSourcesBuildPhase section */
		D73E23B626C17D1000320E9E /* Sources */ = {
			isa = PBXSourcesBuildPhase;
			buildActionMask = 2147483647;
			files = (
				D73E23C526C17D1000320E9E /* ViewController.m in Sources */,
				D73E23BF26C17D1000320E9E /* AppDelegate.m in Sources */,
				D73E23D026C17D1200320E9E /* main.m in Sources */,
				D73E23C226C17D1000320E9E /* SceneDelegate.m in Sources */,
			);
			runOnlyForDeploymentPostprocessing = 0;
		};
/* End PBXSourcesBuildPhase section */

/* Begin PBXVariantGroup section */
		D73E23C626C17D1000320E9E /* Main.storyboard */ = {
			isa = PBXVariantGroup;
			children = (
				D73E23C726C17D1000320E9E /* Base */,
			);
			name = Main.storyboard;
			sourceTree = "<group>";
		};
		D73E23CB26C17D1200320E9E /* LaunchScreen.storyboard */ = {
			isa = PBXVariantGroup;
			children = (
				D73E23CC26C17D1200320E9E /* Base */,
			);
			name = LaunchScreen.storyboard;
			sourceTree = "<group>";
		};
/* End PBXVariantGroup section */

/* Begin XCBuildConfiguration section */
		D73E23D126C17D1200320E9E /* Debug */ = {
			isa = XCBuildConfiguration;
			buildSettings = {
				ALWAYS_SEARCH_USER_PATHS = NO;
				CLANG_ANALYZER_NONNULL = YES;
				CLANG_ANALYZER_NUMBER_OBJECT_CONVERSION = YES_AGGRESSIVE;
				CLANG_CXX_LANGUAGE_STANDARD = "gnu++14";
				CLANG_CXX_LIBRARY = "libc++";
				CLANG_ENABLE_MODULES = YES;
				CLANG_ENABLE_OBJC_ARC = YES;
				CLANG_ENABLE_OBJC_WEAK = YES;
				CLANG_WARN_BLOCK_CAPTURE_AUTORELEASING = YES;
				CLANG_WARN_BOOL_CONVERSION = YES;
				CLANG_WARN_COMMA = YES;
				CLANG_WARN_CONSTANT_CONVERSION = YES;
				CLANG_WARN_DEPRECATED_OBJC_IMPLEMENTATIONS = YES;
				CLANG_WARN_DIRECT_OBJC_ISA_USAGE = YES_ERROR;
				CLANG_WARN_DOCUMENTATION_COMMENTS = YES;
				CLANG_WARN_EMPTY_BODY = YES;
				CLANG_WARN_ENUM_CONVERSION = YES;
				CLANG_WARN_INFINITE_RECURSION = YES;
				CLANG_WARN_INT_CONVERSION = YES;
				CLANG_WARN_NON_LITERAL_NULL_CONVERSION = YES;
				CLANG_WARN_OBJC_IMPLICIT_RETAIN_SELF = YES;
				CLANG_WARN_OBJC_LITERAL_CONVERSION = YES;
				CLANG_WARN_OBJC_ROOT_CLASS = YES_ERROR;
				CLANG_WARN_QUOTED_INCLUDE_IN_FRAMEWORK_HEADER = YES;
				CLANG_WARN_RANGE_LOOP_ANALYSIS = YES;
				CLANG_WARN_STRICT_PROTOTYPES = YES;
				CLANG_WARN_SUSPICIOUS_MOVE = YES;
				CLANG_WARN_UNGUARDED_AVAILABILITY = YES_AGGRESSIVE;
				CLANG_WARN_UNREACHABLE_CODE = YES;
				CLANG_WARN__DUPLICATE_METHOD_MATCH = YES;
				COPY_PHASE_STRIP = NO;
				DEBUG_INFORMATION_FORMAT = dwarf;
				ENABLE_STRICT_OBJC_MSGSEND = YES;
				ENABLE_TESTABILITY = YES;
				GCC_C_LANGUAGE_STANDARD = gnu11;
				GCC_DYNAMIC_NO_PIC = NO;
				GCC_NO_COMMON_BLOCKS = YES;
				GCC_OPTIMIZATION_LEVEL = 0;
				GCC_PREPROCESSOR_DEFINITIONS = (
					"DEBUG=1",
					"$(inherited)",
				);
				GCC_WARN_64_TO_32_BIT_CONVERSION = YES;
				GCC_WARN_ABOUT_RETURN_TYPE = YES_ERROR;
				GCC_WARN_UNDECLARED_SELECTOR = YES;
				GCC_WARN_UNINITIALIZED_AUTOS = YES_AGGRESSIVE;
				GCC_WARN_UNUSED_FUNCTION = YES;
				GCC_WARN_UNUSED_VARIABLE = YES;
				IPHONEOS_DEPLOYMENT_TARGET = 14.4;
				MTL_ENABLE_DEBUG_INFO = INCLUDE_SOURCE;
				MTL_FAST_MATH = YES;
				ONLY_ACTIVE_ARCH = YES;
				SDKROOT = iphoneos;
			};
			name = Debug;
		};
		D73E23D226C17D1200320E9E /* Release */ = {
			isa = XCBuildConfiguration;
			buildSettings = {
				ALWAYS_SEARCH_USER_PATHS = NO;
				CLANG_ANALYZER_NONNULL = YES;
				CLANG_ANALYZER_NUMBER_OBJECT_CONVERSION = YES_AGGRESSIVE;
				CLANG_CXX_LANGUAGE_STANDARD = "gnu++14";
				CLANG_CXX_LIBRARY = "libc++";
				CLANG_ENABLE_MODULES = YES;
				CLANG_ENABLE_OBJC_ARC = YES;
				CLANG_ENABLE_OBJC_WEAK = YES;
				CLANG_WARN_BLOCK_CAPTURE_AUTORELEASING = YES;
				CLANG_WARN_BOOL_CONVERSION = YES;
				CLANG_WARN_COMMA = YES;
				CLANG_WARN_CONSTANT_CONVERSION = YES;
				CLANG_WARN_DEPRECATED_OBJC_IMPLEMENTATIONS = YES;
				CLANG_WARN_DIRECT_OBJC_ISA_USAGE = YES_ERROR;
				CLANG_WARN_DOCUMENTATION_COMMENTS = YES;
				CLANG_WARN_EMPTY_BODY = YES;
				CLANG_WARN_ENUM_CONVERSION = YES;
				CLANG_WARN_INFINITE_RECURSION = YES;
				CLANG_WARN_INT_CONVERSION = YES;
				CLANG_WARN_NON_LITERAL_NULL_CONVERSION = YES;
				CLANG_WARN_OBJC_IMPLICIT_RETAIN_SELF = YES;
				CLANG_WARN_OBJC_LITERAL_CONVERSION = YES;
				CLANG_WARN_OBJC_ROOT_CLASS = YES_ERROR;
				CLANG_WARN_QUOTED_INCLUDE_IN_FRAMEWORK_HEADER = YES;
				CLANG_WARN_RANGE_LOOP_ANALYSIS = YES;
				CLANG_WARN_STRICT_PROTOTYPES = YES;
				CLANG_WARN_SUSPICIOUS_MOVE = YES;
				CLANG_WARN_UNGUARDED_AVAILABILITY = YES_AGGRESSIVE;
				CLANG_WARN_UNREACHABLE_CODE = YES;
				CLANG_WARN__DUPLICATE_METHOD_MATCH = YES;
				COPY_PHASE_STRIP = NO;
				DEBUG_INFORMATION_FORMAT = "dwarf-with-dsym";
				ENABLE_NS_ASSERTIONS = NO;
				ENABLE_STRICT_OBJC_MSGSEND = YES;
				GCC_C_LANGUAGE_STANDARD = gnu11;
				GCC_NO_COMMON_BLOCKS = YES;
				GCC_WARN_64_TO_32_BIT_CONVERSION = YES;
				GCC_WARN_ABOUT_RETURN_TYPE = YES_ERROR;
				GCC_WARN_UNDECLARED_SELECTOR = YES;
				GCC_WARN_UNINITIALIZED_AUTOS = YES_AGGRESSIVE;
				GCC_WARN_UNUSED_FUNCTION = YES;
				GCC_WARN_UNUSED_VARIABLE = YES;
				IPHONEOS_DEPLOYMENT_TARGET = 14.4;
				MTL_ENABLE_DEBUG_INFO = NO;
				MTL_FAST_MATH = YES;
				SDKROOT = iphoneos;
				VALIDATE_PRODUCT = YES;
			};
			name = Release;
		};
		D73E23D426C17D1200320E9E /* Debug */ = {
			isa = XCBuildConfiguration;
			buildSettings = {
				ASSETCATALOG_COMPILER_APPICON_NAME = AppIcon;
				ASSETCATALOG_COMPILER_GLOBAL_ACCENT_COLOR_NAME = AccentColor;
				CODE_SIGN_STYLE = Automatic;
				DEVELOPMENT_TEAM = CUT8ZP87C2;
				INFOPLIST_FILE = shadow_corner/Info.plist;
				LD_RUNPATH_SEARCH_PATHS = (
					"$(inherited)",
					"@executable_path/Frameworks",
				);
				PRODUCT_BUNDLE_IDENTIFIER = "com.app.fanyl.shadow-corner";
				PRODUCT_NAME = "$(TARGET_NAME)";
				TARGETED_DEVICE_FAMILY = "1,2";
			};
			name = Debug;
		};
		D73E23D526C17D1200320E9E /* Release */ = {
			isa = XCBuildConfiguration;
			buildSettings = {
				ASSETCATALOG_COMPILER_APPICON_NAME = AppIcon;
				ASSETCATALOG_COMPILER_GLOBAL_ACCENT_COLOR_NAME = AccentColor;
				CODE_SIGN_STYLE = Automatic;
				DEVELOPMENT_TEAM = CUT8ZP87C2;
				INFOPLIST_FILE = shadow_corner/Info.plist;
				LD_RUNPATH_SEARCH_PATHS = (
					"$(inherited)",
					"@executable_path/Frameworks",
				);
				PRODUCT_BUNDLE_IDENTIFIER = "com.app.fanyl.shadow-corner";
				PRODUCT_NAME = "$(TARGET_NAME)";
				TARGETED_DEVICE_FAMILY = "1,2";
			};
			name = Release;
		};
/* End XCBuildConfiguration section */

/* Begin XCConfigurationList section */
		D73E23B526C17D1000320E9E /* Build configuration list for PBXProject "shadow_corner" */ = {
			isa = XCConfigurationList;
			buildConfigurations = (
				D73E23D126C17D1200320E9E /* Debug */,
				D73E23D226C17D1200320E9E /* Release */,
			);
			defaultConfigurationIsVisible = 0;
			defaultConfigurationName = Release;
		};
		D73E23D326C17D1200320E9E /* Build configuration list for PBXNativeTarget "shadow_corner" */ = {
			isa = XCConfigurationList;
			buildConfigurations = (
				D73E23D426C17D1200320E9E /* Debug */,
				D73E23D526C17D1200320E9E /* Release */,
			);
			defaultConfigurationIsVisible = 0;
			defaultConfigurationName = Release;
		};
/* End XCConfigurationList section */
	};
	rootObject = D73E23B226C17D1000320E9E /* Project object */;
}
